
Microsoft Visual Studio Solution File, Format Version 12.00
# Visual Studio 15
VisualStudioVersion = 15.0.28010.2048
MinimumVisualStudioVersion = 10.0.40219.1
Project("{6EC3EE1D-3C4E-46DD-8F32-0CC8E7565705}") = "UpgradeProj", "UpgradeProj\UpgradeProj.fsproj", "{F38F6D5D-86E2-4479-B557-CA71FEBF75D4}"
EndProject
Project("{2150E333-8FDC-42A3-9474-1A3956D46DE8}") = "Solution Items", "Solution Items", "{2B6DE2EE-0B2B-4C06-81A0-6D4CBA7B11BF}"
	ProjectSection(SolutionItems) = preProject
		sample-new-proj.csproj = sample-new-proj.csproj
		sample-old-proj.csproj = sample-old-proj.csproj
		sample-packages.config = sample-packages.config
	EndProjectSection
EndProject
Global
	GlobalSection(SolutionConfigurationPlatforms) = preSolution
		Debug|Any CPU = Debug|Any CPU
		Release|Any CPU = Release|Any CPU
	EndGlobalSection
	GlobalSection(ProjectConfigurationPlatforms) = postSolution
		{F38F6D5D-86E2-4479-B557-CA71FEBF75D4}.Debug|Any CPU.ActiveCfg = Debug|Any CPU
		{F38F6D5D-86E2-4479-B557-CA71FEBF75D4}.Debug|Any CPU.Build.0 = Debug|Any CPU
		{F38F6D5D-86E2-4479-B557-CA71FEBF75D4}.Release|Any CPU.ActiveCfg = Release|Any CPU
		{F38F6D5D-86E2-4479-B557-CA71FEBF75D4}.Release|Any CPU.Build.0 = Release|Any CPU
	EndGlobalSection
	GlobalSection(SolutionProperties) = preSolution
		HideSolutionNode = FALSE
	EndGlobalSection
	GlobalSection(ExtensibilityGlobals) = postSolution
		SolutionGuid = {9571F148-A02E-44D8-9120-9E9D3BD783C2}
	EndGlobalSection
EndGlobal
